
Microsoft Visual Studio Solution File, Format Version 12.00
# Visual Studio Version 17
VisualStudioVersion = 17.14.36109.1 d17.14
MinimumVisualStudioVersion = 10.0.40219.1
Project("{FAE04EC0-301F-11D3-BF4B-00C04F79EFBC}") = "BasicAspNetServerLibrary", "BasicAspNetServerLibrary.csproj", "{090407BC-4F51-44F3-B778-6F032751DBDE}"
EndProject
Global
	GlobalSection(SolutionConfigurationPlatforms) = preSolution
		Debug|Any CPU = Debug|Any CPU
		Release|Any CPU = Release|Any CPU
	EndGlobalSection
	GlobalSection(ProjectConfigurationPlatforms) = postSolution
		{090407BC-4F51-44F3-B778-6F032751DBDE}.Debug|Any CPU.ActiveCfg = Debug|Any CPU
		{090407BC-4F51-44F3-B778-6F032751DBDE}.Debug|Any CPU.Build.0 = Debug|Any CPU
		{090407BC-4F51-44F3-B778-6F032751DBDE}.Release|Any CPU.ActiveCfg = Release|Any CPU
		{090407BC-4F51-44F3-B778-6F032751DBDE}.Release|Any CPU.Build.0 = Release|Any CPU
	EndGlobalSection
	GlobalSection(SolutionProperties) = preSolution
		HideSolutionNode = FALSE
	EndGlobalSection
	GlobalSection(ExtensibilityGlobals) = postSolution
		SolutionGuid = {744DDEC4-54AB-40D6-A202-EBE8BC4FD764}
	EndGlobalSection
EndGlobal
